
Microsoft Visual Studio Solution File, Format Version 12.00
# Visual Studio Version 17
VisualStudioVersion = 17.0.31903.59
MinimumVisualStudioVersion = 10.0.40219.1
Project("{FAE04EC0-301F-11D3-BF4B-00C04F79EFBC}") = "PriceFeed.Core", "PriceFeed.Core\PriceFeed.Core.csproj", "{A84F6A4A-4706-4E75-92D0-1EB6DDE6AC74}"
EndProject
Project("{FAE04EC0-301F-11D3-BF4B-00C04F79EFBC}") = "PriceFeed.Infrastructure", "PriceFeed.Infrastructure\PriceFeed.Infrastructure.csproj", "{02D36534-E3A6-4784-AE56-32683F6874BD}"
EndProject

Project("{FAE04EC0-301F-11D3-BF4B-00C04F79EFBC}") = "PriceFeed.Contracts", "PriceFeed.Contracts\PriceFeed.Contracts.csproj", "{FA95B2F3-C395-4E1B-AD41-B935568BF891}"
EndProject
Project("{FAE04EC0-301F-11D3-BF4B-00C04F79EFBC}") = "PriceFeed.Tests", "PriceFeed.Tests\PriceFeed.Tests.csproj", "{BED78F79-9E78-4C4F-BB61-6B76EDEF5A34}"
EndProject
Project("{FAE04EC0-301F-11D3-BF4B-00C04F79EFBC}") = "PriceFeed.Console", "PriceFeed.Console\PriceFeed.Console.csproj", "{123B7BC3-9576-42B0-9F8C-E97D4ECDF9D5}"
EndProject

Global
	GlobalSection(SolutionConfigurationPlatforms) = preSolution
		Debug|Any CPU = Debug|Any CPU
		Release|Any CPU = Release|Any CPU
	EndGlobalSection
	GlobalSection(SolutionProperties) = preSolution
		HideSolutionNode = FALSE
	EndGlobalSection
	GlobalSection(ProjectConfigurationPlatforms) = postSolution
		{A84F6A4A-4706-4E75-92D0-1EB6DDE6AC74}.Debug|Any CPU.ActiveCfg = Debug|Any CPU
		{A84F6A4A-4706-4E75-92D0-1EB6DDE6AC74}.Debug|Any CPU.Build.0 = Debug|Any CPU
		{A84F6A4A-4706-4E75-92D0-1EB6DDE6AC74}.Release|Any CPU.ActiveCfg = Release|Any CPU
		{A84F6A4A-4706-4E75-92D0-1EB6DDE6AC74}.Release|Any CPU.Build.0 = Release|Any CPU
		{02D36534-E3A6-4784-AE56-32683F6874BD}.Debug|Any CPU.ActiveCfg = Debug|Any CPU
		{02D36534-E3A6-4784-AE56-32683F6874BD}.Debug|Any CPU.Build.0 = Debug|Any CPU
		{02D36534-E3A6-4784-AE56-32683F6874BD}.Release|Any CPU.ActiveCfg = Release|Any CPU
		{02D36534-E3A6-4784-AE56-32683F6874BD}.Release|Any CPU.Build.0 = Release|Any CPU

		{FA95B2F3-C395-4E1B-AD41-B935568BF891}.Debug|Any CPU.ActiveCfg = Debug|Any CPU
		{FA95B2F3-C395-4E1B-AD41-B935568BF891}.Release|Any CPU.ActiveCfg = Release|Any CPU
		{BED78F79-9E78-4C4F-BB61-6B76EDEF5A34}.Debug|Any CPU.ActiveCfg = Debug|Any CPU
		{BED78F79-9E78-4C4F-BB61-6B76EDEF5A34}.Debug|Any CPU.Build.0 = Debug|Any CPU
		{BED78F79-9E78-4C4F-BB61-6B76EDEF5A34}.Release|Any CPU.ActiveCfg = Release|Any CPU
		{BED78F79-9E78-4C4F-BB61-6B76EDEF5A34}.Release|Any CPU.Build.0 = Release|Any CPU
		{123B7BC3-9576-42B0-9F8C-E97D4ECDF9D5}.Debug|Any CPU.ActiveCfg = Debug|Any CPU
		{123B7BC3-9576-42B0-9F8C-E97D4ECDF9D5}.Debug|Any CPU.Build.0 = Debug|Any CPU
		{123B7BC3-9576-42B0-9F8C-E97D4ECDF9D5}.Release|Any CPU.ActiveCfg = Release|Any CPU
		{123B7BC3-9576-42B0-9F8C-E97D4ECDF9D5}.Release|Any CPU.Build.0 = Release|Any CPU
	EndGlobalSection
EndGlobal
